
Microsoft Visual Studio Solution File, Format Version 12.00
# Visual Studio Version 17
VisualStudioVersion = 17.6.33829.357
MinimumVisualStudioVersion = 10.0.40219.1
Project("{FAE04EC0-301F-11D3-BF4B-00C04F79EFBC}") = "RunInGroup", "RunInGroup\RunInGroup.csproj", "{AE65DBF5-D11F-44C9-91A0-CA8D75914914}"
EndProject
Global
	GlobalSection(SolutionConfigurationPlatforms) = preSolution
		Debug|Any CPU = Debug|Any CPU
		Release|Any CPU = Release|Any CPU
	EndGlobalSection
	GlobalSection(ProjectConfigurationPlatforms) = postSolution
		{AE65DBF5-D11F-44C9-91A0-CA8D75914914}.Debug|Any CPU.ActiveCfg = Debug|Any CPU
		{AE65DBF5-D11F-44C9-91A0-CA8D75914914}.Debug|Any CPU.Build.0 = Debug|Any CPU
		{AE65DBF5-D11F-44C9-91A0-CA8D75914914}.Release|Any CPU.ActiveCfg = Release|Any CPU
		{AE65DBF5-D11F-44C9-91A0-CA8D75914914}.Release|Any CPU.Build.0 = Release|Any CPU
	EndGlobalSection
	GlobalSection(SolutionProperties) = preSolution
		HideSolutionNode = FALSE
	EndGlobalSection
	GlobalSection(ExtensibilityGlobals) = postSolution
		SolutionGuid = {1D29E22C-7635-4EF1-887F-2FDBA44D9EE4}
	EndGlobalSection
EndGlobal
